
Microsoft Visual Studio Solution File, Format Version 12.00
Project("{2150E333-8FDC-42A3-9474-1A3956D46DE8}") = "src", "src", "{AFF83676-3818-42C9-AA06-3F23DC206821}"
EndProject
Project("{2150E333-8FDC-42A3-9474-1A3956D46DE8}") = "tests", "tests", "{55E0894A-D9D6-456F-8A4B-D2154DE519B7}"
EndProject
Project("{FAE04EC0-301F-11D3-BF4B-00C04F79EFBC}") = "API", "API\API.csproj", "{1C59562A-9DC4-47D3-BCE8-23D485EAB0FC}"
EndProject
Project("{FAE04EC0-301F-11D3-BF4B-00C04F79EFBC}") = "Domain", "Domain\Domain.csproj", "{A4520E7C-90E9-4491-8F89-919166BCFE3D}"
EndProject
Project("{FAE04EC0-301F-11D3-BF4B-00C04F79EFBC}") = "Application", "Application\Application.csproj", "{8D05237B-C6F8-44C7-B02A-A52A83ECB5D4}"
EndProject
Project("{FAE04EC0-301F-11D3-BF4B-00C04F79EFBC}") = "Infrastructure", "Infrastructure\Infrastructure.csproj", "{CE8940EC-34B6-448E-8B21-80670400BFBC}"
EndProject
Project("{FAE04EC0-301F-11D3-BF4B-00C04F79EFBC}") = "Application.UnitTests", "Application.UnitTests\Application.UnitTests.csproj", "{1F39F3D1-FAD2-465C-A6B8-30B061FEFA27}"
EndProject
Global
	GlobalSection(SolutionConfigurationPlatforms) = preSolution
		Debug|Any CPU = Debug|Any CPU
		Release|Any CPU = Release|Any CPU
	EndGlobalSection
	GlobalSection(NestedProjects) = preSolution
		{1C59562A-9DC4-47D3-BCE8-23D485EAB0FC} = {AFF83676-3818-42C9-AA06-3F23DC206821}
		{A4520E7C-90E9-4491-8F89-919166BCFE3D} = {AFF83676-3818-42C9-AA06-3F23DC206821}
		{8D05237B-C6F8-44C7-B02A-A52A83ECB5D4} = {AFF83676-3818-42C9-AA06-3F23DC206821}
		{CE8940EC-34B6-448E-8B21-80670400BFBC} = {AFF83676-3818-42C9-AA06-3F23DC206821}
		{1F39F3D1-FAD2-465C-A6B8-30B061FEFA27} = {55E0894A-D9D6-456F-8A4B-D2154DE519B7}
	EndGlobalSection
	GlobalSection(ProjectConfigurationPlatforms) = postSolution
		{1C59562A-9DC4-47D3-BCE8-23D485EAB0FC}.Debug|Any CPU.ActiveCfg = Debug|Any CPU
		{1C59562A-9DC4-47D3-BCE8-23D485EAB0FC}.Debug|Any CPU.Build.0 = Debug|Any CPU
		{1C59562A-9DC4-47D3-BCE8-23D485EAB0FC}.Release|Any CPU.ActiveCfg = Release|Any CPU
		{1C59562A-9DC4-47D3-BCE8-23D485EAB0FC}.Release|Any CPU.Build.0 = Release|Any CPU
		{A4520E7C-90E9-4491-8F89-919166BCFE3D}.Debug|Any CPU.ActiveCfg = Debug|Any CPU
		{A4520E7C-90E9-4491-8F89-919166BCFE3D}.Debug|Any CPU.Build.0 = Debug|Any CPU
		{A4520E7C-90E9-4491-8F89-919166BCFE3D}.Release|Any CPU.ActiveCfg = Release|Any CPU
		{A4520E7C-90E9-4491-8F89-919166BCFE3D}.Release|Any CPU.Build.0 = Release|Any CPU
		{8D05237B-C6F8-44C7-B02A-A52A83ECB5D4}.Debug|Any CPU.ActiveCfg = Debug|Any CPU
		{8D05237B-C6F8-44C7-B02A-A52A83ECB5D4}.Debug|Any CPU.Build.0 = Debug|Any CPU
		{8D05237B-C6F8-44C7-B02A-A52A83ECB5D4}.Release|Any CPU.ActiveCfg = Release|Any CPU
		{8D05237B-C6F8-44C7-B02A-A52A83ECB5D4}.Release|Any CPU.Build.0 = Release|Any CPU
		{CE8940EC-34B6-448E-8B21-80670400BFBC}.Debug|Any CPU.ActiveCfg = Debug|Any CPU
		{CE8940EC-34B6-448E-8B21-80670400BFBC}.Debug|Any CPU.Build.0 = Debug|Any CPU
		{CE8940EC-34B6-448E-8B21-80670400BFBC}.Release|Any CPU.ActiveCfg = Release|Any CPU
		{CE8940EC-34B6-448E-8B21-80670400BFBC}.Release|Any CPU.Build.0 = Release|Any CPU
		{1F39F3D1-FAD2-465C-A6B8-30B061FEFA27}.Debug|Any CPU.ActiveCfg = Debug|Any CPU
		{1F39F3D1-FAD2-465C-A6B8-30B061FEFA27}.Debug|Any CPU.Build.0 = Debug|Any CPU
		{1F39F3D1-FAD2-465C-A6B8-30B061FEFA27}.Release|Any CPU.ActiveCfg = Release|Any CPU
		{1F39F3D1-FAD2-465C-A6B8-30B061FEFA27}.Release|Any CPU.Build.0 = Release|Any CPU
	EndGlobalSection
EndGlobal
